// !$*UTF8*$!
{
	archiveVersion = 1;
	classes = {
	};
	objectVersion = 55;
	objects = {

/* Begin PBXBuildFile section */
		131E8DD827162D2A0084A230 /* ProdutoData.swift in Sources */ = {isa = PBXBuildFile; fileRef = 131E8DD727162D2A0084A230 /* ProdutoData.swift */; };
		131E8DDA271631E30084A230 /* ContaViewController.swift in Sources */ = {isa = PBXBuildFile; fileRef = 131E8DD9271631E30084A230 /* ContaViewController.swift */; };
		131E8DDC2716331A0084A230 /* ContaTableViewCell.swift in Sources */ = {isa = PBXBuildFile; fileRef = 131E8DDB2716331A0084A230 /* ContaTableViewCell.swift */; };
		13213F4327305612002966C4 /* remedios.json in Resources */ = {isa = PBXBuildFile; fileRef = 13213F4227305612002966C4 /* remedios.json */; };
		13213F4627305670002966C4 /* ModelData.swift in Sources */ = {isa = PBXBuildFile; fileRef = 13213F4527305670002966C4 /* ModelData.swift */; };
		13213F4827305698002966C4 /* Farmacias.swift in Sources */ = {isa = PBXBuildFile; fileRef = 13213F4727305698002966C4 /* Farmacias.swift */; };
		13213F4A27305794002966C4 /* Remedios.swift in Sources */ = {isa = PBXBuildFile; fileRef = 13213F4927305794002966C4 /* Remedios.swift */; };
		13213F4C27307540002966C4 /* PedidosData.swift in Sources */ = {isa = PBXBuildFile; fileRef = 13213F4B27307540002966C4 /* PedidosData.swift */; };
		13213F5027307C6B002966C4 /* NewPedidoViewController.swift in Sources */ = {isa = PBXBuildFile; fileRef = 13213F4F27307C6B002966C4 /* NewPedidoViewController.swift */; };
		134FA9892714C2390043F1EA /* AppDelegate.swift in Sources */ = {isa = PBXBuildFile; fileRef = 134FA9882714C2390043F1EA /* AppDelegate.swift */; };
		134FA98B2714C2390043F1EA /* SceneDelegate.swift in Sources */ = {isa = PBXBuildFile; fileRef = 134FA98A2714C2390043F1EA /* SceneDelegate.swift */; };
		134FA98D2714C2390043F1EA /* ViewController.swift in Sources */ = {isa = PBXBuildFile; fileRef = 134FA98C2714C2390043F1EA /* ViewController.swift */; };
		134FA9902714C2390043F1EA /* Main.storyboard in Resources */ = {isa = PBXBuildFile; fileRef = 134FA98E2714C2390043F1EA /* Main.storyboard */; };
		134FA9932714C2390043F1EA /* RapFarmaApp.xcdatamodeld in Sources */ = {isa = PBXBuildFile; fileRef = 134FA9912714C2390043F1EA /* RapFarmaApp.xcdatamodeld */; };
		134FA9952714C23A0043F1EA /* Assets.xcassets in Resources */ = {isa = PBXBuildFile; fileRef = 134FA9942714C23A0043F1EA /* Assets.xcassets */; };
		134FA9982714C23A0043F1EA /* LaunchScreen.storyboard in Resources */ = {isa = PBXBuildFile; fileRef = 134FA9962714C23A0043F1EA /* LaunchScreen.storyboard */; };
		1367257E271615FC00797A8E /* CarrinhoViewController.swift in Sources */ = {isa = PBXBuildFile; fileRef = 1367257D271615FC00797A8E /* CarrinhoViewController.swift */; };
		136725802716162F00797A8E /* CarrinhoViewCell.swift in Sources */ = {isa = PBXBuildFile; fileRef = 1367257F2716162F00797A8E /* CarrinhoViewCell.swift */; };
		13E3E36C271E02AF006D6D37 /* PedidosViewController.swift in Sources */ = {isa = PBXBuildFile; fileRef = 13E3E36B271E02AF006D6D37 /* PedidosViewController.swift */; };
		13E3E36E271E02C8006D6D37 /* PedidosViewCell.swift in Sources */ = {isa = PBXBuildFile; fileRef = 13E3E36D271E02C8006D6D37 /* PedidosViewCell.swift */; };
		13E3E370271E04E6006D6D37 /* SugestoesViewController.swift in Sources */ = {isa = PBXBuildFile; fileRef = 13E3E36F271E04E6006D6D37 /* SugestoesViewController.swift */; };
		13E3E372271E051A006D6D37 /* SugestoesCollectionViewCell.swift in Sources */ = {isa = PBXBuildFile; fileRef = 13E3E371271E051A006D6D37 /* SugestoesCollectionViewCell.swift */; };
		13E3E374271E0946006D6D37 /* FarmaciaViewController.swift in Sources */ = {isa = PBXBuildFile; fileRef = 13E3E373271E0946006D6D37 /* FarmaciaViewController.swift */; };
		13E3E376271E0E73006D6D37 /* CatalogoTableViewCell.swift in Sources */ = {isa = PBXBuildFile; fileRef = 13E3E375271E0E73006D6D37 /* CatalogoTableViewCell.swift */; };
		13E3E379271E15E2006D6D37 /* starsView.swift in Sources */ = {isa = PBXBuildFile; fileRef = 13E3E378271E15E2006D6D37 /* starsView.swift */; };
/* End PBXBuildFile section */

/* Begin PBXFileReference section */
		131E8DD727162D2A0084A230 /* ProdutoData.swift */ = {isa = PBXFileReference; lastKnownFileType = sourcecode.swift; path = ProdutoData.swift; sourceTree = "<group>"; };
		131E8DD9271631E30084A230 /* ContaViewController.swift */ = {isa = PBXFileReference; lastKnownFileType = sourcecode.swift; path = ContaViewController.swift; sourceTree = "<group>"; };
		131E8DDB2716331A0084A230 /* ContaTableViewCell.swift */ = {isa = PBXFileReference; lastKnownFileType = sourcecode.swift; path = ContaTableViewCell.swift; sourceTree = "<group>"; };
		13213F4227305612002966C4 /* remedios.json */ = {isa = PBXFileReference; fileEncoding = 4; lastKnownFileType = text.json; path = remedios.json; sourceTree = "<group>"; };
		13213F4527305670002966C4 /* ModelData.swift */ = {isa = PBXFileReference; lastKnownFileType = sourcecode.swift; path = ModelData.swift; sourceTree = "<group>"; };
		13213F4727305698002966C4 /* Farmacias.swift */ = {isa = PBXFileReference; lastKnownFileType = sourcecode.swift; path = Farmacias.swift; sourceTree = "<group>"; };
		13213F4927305794002966C4 /* Remedios.swift */ = {isa = PBXFileReference; lastKnownFileType = sourcecode.swift; path = Remedios.swift; sourceTree = "<group>"; };
		13213F4B27307540002966C4 /* PedidosData.swift */ = {isa = PBXFileReference; lastKnownFileType = sourcecode.swift; path = PedidosData.swift; sourceTree = "<group>"; };
		13213F4F27307C6B002966C4 /* NewPedidoViewController.swift */ = {isa = PBXFileReference; lastKnownFileType = sourcecode.swift; path = NewPedidoViewController.swift; sourceTree = "<group>"; };
		134FA9852714C2390043F1EA /* RapFarmaApp.app */ = {isa = PBXFileReference; explicitFileType = wrapper.application; includeInIndex = 0; path = RapFarmaApp.app; sourceTree = BUILT_PRODUCTS_DIR; };
		134FA9882714C2390043F1EA /* AppDelegate.swift */ = {isa = PBXFileReference; lastKnownFileType = sourcecode.swift; path = AppDelegate.swift; sourceTree = "<group>"; };
		134FA98A2714C2390043F1EA /* SceneDelegate.swift */ = {isa = PBXFileReference; lastKnownFileType = sourcecode.swift; path = SceneDelegate.swift; sourceTree = "<group>"; };
		134FA98C2714C2390043F1EA /* ViewController.swift */ = {isa = PBXFileReference; lastKnownFileType = sourcecode.swift; path = ViewController.swift; sourceTree = "<group>"; };
		134FA98F2714C2390043F1EA /* Base */ = {isa = PBXFileReference; lastKnownFileType = file.storyboard; name = Base; path = Base.lproj/Main.storyboard; sourceTree = "<group>"; };
		134FA9922714C2390043F1EA /* RapFarmaApp.xcdatamodel */ = {isa = PBXFileReference; lastKnownFileType = wrapper.xcdatamodel; path = RapFarmaApp.xcdatamodel; sourceTree = "<group>"; };
		134FA9942714C23A0043F1EA /* Assets.xcassets */ = {isa = PBXFileReference; lastKnownFileType = folder.assetcatalog; path = Assets.xcassets; sourceTree = "<group>"; };
		134FA9972714C23A0043F1EA /* Base */ = {isa = PBXFileReference; lastKnownFileType = file.storyboard; name = Base; path = Base.lproj/LaunchScreen.storyboard; sourceTree = "<group>"; };
		134FA9992714C23A0043F1EA /* Info.plist */ = {isa = PBXFileReference; lastKnownFileType = text.plist.xml; path = Info.plist; sourceTree = "<group>"; };
		1367257D271615FC00797A8E /* CarrinhoViewController.swift */ = {isa = PBXFileReference; lastKnownFileType = sourcecode.swift; name = CarrinhoViewController.swift; path = RapFarmaApp/ViewControllers/CarrinhoViewController.swift; sourceTree = SOURCE_ROOT; };
		1367257F2716162F00797A8E /* CarrinhoViewCell.swift */ = {isa = PBXFileReference; lastKnownFileType = sourcecode.swift; path = CarrinhoViewCell.swift; sourceTree = "<group>"; };
		13E3E36B271E02AF006D6D37 /* PedidosViewController.swift */ = {isa = PBXFileReference; lastKnownFileType = sourcecode.swift; path = PedidosViewController.swift; sourceTree = "<group>"; };
		13E3E36D271E02C8006D6D37 /* PedidosViewCell.swift */ = {isa = PBXFileReference; lastKnownFileType = sourcecode.swift; path = PedidosViewCell.swift; sourceTree = "<group>"; };
		13E3E36F271E04E6006D6D37 /* SugestoesViewController.swift */ = {isa = PBXFileReference; lastKnownFileType = sourcecode.swift; path = SugestoesViewController.swift; sourceTree = "<group>"; };
		13E3E371271E051A006D6D37 /* SugestoesCollectionViewCell.swift */ = {isa = PBXFileReference; lastKnownFileType = sourcecode.swift; path = SugestoesCollectionViewCell.swift; sourceTree = "<group>"; };
		13E3E373271E0946006D6D37 /* FarmaciaViewController.swift */ = {isa = PBXFileReference; lastKnownFileType = sourcecode.swift; path = FarmaciaViewController.swift; sourceTree = "<group>"; };
		13E3E375271E0E73006D6D37 /* CatalogoTableViewCell.swift */ = {isa = PBXFileReference; lastKnownFileType = sourcecode.swift; path = CatalogoTableViewCell.swift; sourceTree = "<group>"; };
		13E3E378271E15E2006D6D37 /* starsView.swift */ = {isa = PBXFileReference; lastKnownFileType = sourcecode.swift; path = starsView.swift; sourceTree = "<group>"; };
/* End PBXFileReference section */

/* Begin PBXFrameworksBuildPhase section */
		134FA9822714C2390043F1EA /* Frameworks */ = {
			isa = PBXFrameworksBuildPhase;
			buildActionMask = 2147483647;
			files = (
			);
			runOnlyForDeploymentPostprocessing = 0;
		};
/* End PBXFrameworksBuildPhase section */

/* Begin PBXGroup section */
		131E8DD427162D050084A230 /* CoreData */ = {
			isa = PBXGroup;
			children = (
				131E8DD727162D2A0084A230 /* ProdutoData.swift */,
				13213F4B27307540002966C4 /* PedidosData.swift */,
			);
			path = CoreData;
			sourceTree = "<group>";
		};
		13213F41273055FF002966C4 /* Resources */ = {
			isa = PBXGroup;
			children = (
				13213F4227305612002966C4 /* remedios.json */,
			);
			path = Resources;
			sourceTree = "<group>";
		};
		13213F442730565C002966C4 /* Model */ = {
			isa = PBXGroup;
			children = (
				13213F4527305670002966C4 /* ModelData.swift */,
				13213F4727305698002966C4 /* Farmacias.swift */,
				13213F4927305794002966C4 /* Remedios.swift */,
			);
			path = Model;
			sourceTree = "<group>";
		};
		134FA97C2714C2390043F1EA = {
			isa = PBXGroup;
			children = (
				134FA9872714C2390043F1EA /* RapFarmaApp */,
				134FA9862714C2390043F1EA /* Products */,
			);
			sourceTree = "<group>";
		};
		134FA9862714C2390043F1EA /* Products */ = {
			isa = PBXGroup;
			children = (
				134FA9852714C2390043F1EA /* RapFarmaApp.app */,
			);
			name = Products;
			sourceTree = "<group>";
		};
		134FA9872714C2390043F1EA /* RapFarmaApp */ = {
			isa = PBXGroup;
			children = (
				13213F442730565C002966C4 /* Model */,
				13213F41273055FF002966C4 /* Resources */,
				131E8DD427162D050084A230 /* CoreData */,
				1367257C271615D500797A8E /* Cell */,
				1367257B271615CC00797A8E /* ViewControllers */,
				13E3E377271E15C3006D6D37 /* View */,
				134FA9882714C2390043F1EA /* AppDelegate.swift */,
				134FA98A2714C2390043F1EA /* SceneDelegate.swift */,
				134FA98C2714C2390043F1EA /* ViewController.swift */,
				134FA98E2714C2390043F1EA /* Main.storyboard */,
				134FA9942714C23A0043F1EA /* Assets.xcassets */,
				134FA9962714C23A0043F1EA /* LaunchScreen.storyboard */,
				134FA9992714C23A0043F1EA /* Info.plist */,
				134FA9912714C2390043F1EA /* RapFarmaApp.xcdatamodeld */,
			);
			path = RapFarmaApp;
			sourceTree = "<group>";
		};
		1367257B271615CC00797A8E /* ViewControllers */ = {
			isa = PBXGroup;
			children = (
				1367257D271615FC00797A8E /* CarrinhoViewController.swift */,
				131E8DD9271631E30084A230 /* ContaViewController.swift */,
				13E3E36B271E02AF006D6D37 /* PedidosViewController.swift */,
				13E3E36F271E04E6006D6D37 /* SugestoesViewController.swift */,
				13E3E373271E0946006D6D37 /* FarmaciaViewController.swift */,
				13213F4F27307C6B002966C4 /* NewPedidoViewController.swift */,
			);
			path = ViewControllers;
			sourceTree = "<group>";
		};
		1367257C271615D500797A8E /* Cell */ = {
			isa = PBXGroup;
			children = (
				1367257F2716162F00797A8E /* CarrinhoViewCell.swift */,
				131E8DDB2716331A0084A230 /* ContaTableViewCell.swift */,
				13E3E36D271E02C8006D6D37 /* PedidosViewCell.swift */,
				13E3E371271E051A006D6D37 /* SugestoesCollectionViewCell.swift */,
				13E3E375271E0E73006D6D37 /* CatalogoTableViewCell.swift */,
			);
			path = Cell;
			sourceTree = "<group>";
		};
		13E3E377271E15C3006D6D37 /* View */ = {
			isa = PBXGroup;
			children = (
				13E3E378271E15E2006D6D37 /* starsView.swift */,
			);
			path = View;
			sourceTree = "<group>";
		};
/* End PBXGroup section */

/* Begin PBXNativeTarget section */
		134FA9842714C2390043F1EA /* RapFarmaApp */ = {
			isa = PBXNativeTarget;
			buildConfigurationList = 134FA99C2714C23A0043F1EA /* Build configuration list for PBXNativeTarget "RapFarmaApp" */;
			buildPhases = (
				134FA9812714C2390043F1EA /* Sources */,
				134FA9822714C2390043F1EA /* Frameworks */,
				134FA9832714C2390043F1EA /* Resources */,
			);
			buildRules = (
			);
			dependencies = (
			);
			name = RapFarmaApp;
			productName = RapFarmaApp;
			productReference = 134FA9852714C2390043F1EA /* RapFarmaApp.app */;
			productType = "com.apple.product-type.application";
		};
/* End PBXNativeTarget section */

/* Begin PBXProject section */
		134FA97D2714C2390043F1EA /* Project object */ = {
			isa = PBXProject;
			attributes = {
				BuildIndependentTargetsInParallel = 1;
				LastSwiftUpdateCheck = 1300;
				LastUpgradeCheck = 1300;
				TargetAttributes = {
					134FA9842714C2390043F1EA = {
						CreatedOnToolsVersion = 13.0;
					};
				};
			};
			buildConfigurationList = 134FA9802714C2390043F1EA /* Build configuration list for PBXProject "RapFarmaApp" */;
			compatibilityVersion = "Xcode 13.0";
			developmentRegion = en;
			hasScannedForEncodings = 0;
			knownRegions = (
				en,
				Base,
			);
			mainGroup = 134FA97C2714C2390043F1EA;
			productRefGroup = 134FA9862714C2390043F1EA /* Products */;
			projectDirPath = "";
			projectRoot = "";
			targets = (
				134FA9842714C2390043F1EA /* RapFarmaApp */,
			);
		};
/* End PBXProject section */

/* Begin PBXResourcesBuildPhase section */
		134FA9832714C2390043F1EA /* Resources */ = {
			isa = PBXResourcesBuildPhase;
			buildActionMask = 2147483647;
			files = (
				134FA9982714C23A0043F1EA /* LaunchScreen.storyboard in Resources */,
				13213F4327305612002966C4 /* remedios.json in Resources */,
				134FA9952714C23A0043F1EA /* Assets.xcassets in Resources */,
				134FA9902714C2390043F1EA /* Main.storyboard in Resources */,
			);
			runOnlyForDeploymentPostprocessing = 0;
		};
/* End PBXResourcesBuildPhase section */

/* Begin PBXSourcesBuildPhase section */
		134FA9812714C2390043F1EA /* Sources */ = {
			isa = PBXSourcesBuildPhase;
			buildActionMask = 2147483647;
			files = (
				13213F4627305670002966C4 /* ModelData.swift in Sources */,
				131E8DDA271631E30084A230 /* ContaViewController.swift in Sources */,
				1367257E271615FC00797A8E /* CarrinhoViewController.swift in Sources */,
				13E3E379271E15E2006D6D37 /* starsView.swift in Sources */,
				13E3E374271E0946006D6D37 /* FarmaciaViewController.swift in Sources */,
				134FA98D2714C2390043F1EA /* ViewController.swift in Sources */,
				13213F4C27307540002966C4 /* PedidosData.swift in Sources */,
				131E8DD827162D2A0084A230 /* ProdutoData.swift in Sources */,
				13E3E36E271E02C8006D6D37 /* PedidosViewCell.swift in Sources */,
				134FA9892714C2390043F1EA /* AppDelegate.swift in Sources */,
				13213F5027307C6B002966C4 /* NewPedidoViewController.swift in Sources */,
				13E3E36C271E02AF006D6D37 /* PedidosViewController.swift in Sources */,
				134FA98B2714C2390043F1EA /* SceneDelegate.swift in Sources */,
				13E3E372271E051A006D6D37 /* SugestoesCollectionViewCell.swift in Sources */,
				131E8DDC2716331A0084A230 /* ContaTableViewCell.swift in Sources */,
				13213F4A27305794002966C4 /* Remedios.swift in Sources */,
				13E3E370271E04E6006D6D37 /* SugestoesViewController.swift in Sources */,
				136725802716162F00797A8E /* CarrinhoViewCell.swift in Sources */,
				134FA9932714C2390043F1EA /* RapFarmaApp.xcdatamodeld in Sources */,
				13E3E376271E0E73006D6D37 /* CatalogoTableViewCell.swift in Sources */,
				13213F4827305698002966C4 /* Farmacias.swift in Sources */,
			);
			runOnlyForDeploymentPostprocessing = 0;
		};
/* End PBXSourcesBuildPhase section */

/* Begin PBXVariantGroup section */
		134FA98E2714C2390043F1EA /* Main.storyboard */ = {
			isa = PBXVariantGroup;
			children = (
				134FA98F2714C2390043F1EA /* Base */,
			);
			name = Main.storyboard;
			sourceTree = "<group>";
		};
		134FA9962714C23A0043F1EA /* LaunchScreen.storyboard */ = {
			isa = PBXVariantGroup;
			children = (
				134FA9972714C23A0043F1EA /* Base */,
			);
			name = LaunchScreen.storyboard;
			sourceTree = "<group>";
		};
/* End PBXVariantGroup section */

/* Begin XCBuildConfiguration section */
		134FA99A2714C23A0043F1EA /* Debug */ = {
			isa = XCBuildConfiguration;
			buildSettings = {
				ALWAYS_SEARCH_USER_PATHS = NO;
				CLANG_ANALYZER_NONNULL = YES;
				CLANG_ANALYZER_NUMBER_OBJECT_CONVERSION = YES_AGGRESSIVE;
				CLANG_CXX_LANGUAGE_STANDARD = "gnu++17";
				CLANG_CXX_LIBRARY = "libc++";
				CLANG_ENABLE_MODULES = YES;
				CLANG_ENABLE_OBJC_ARC = YES;
				CLANG_ENABLE_OBJC_WEAK = YES;
				CLANG_WARN_BLOCK_CAPTURE_AUTORELEASING = YES;
				CLANG_WARN_BOOL_CONVERSION = YES;
				CLANG_WARN_COMMA = YES;
				CLANG_WARN_CONSTANT_CONVERSION = YES;
				CLANG_WARN_DEPRECATED_OBJC_IMPLEMENTATIONS = YES;
				CLANG_WARN_DIRECT_OBJC_ISA_USAGE = YES_ERROR;
				CLANG_WARN_DOCUMENTATION_COMMENTS = YES;
				CLANG_WARN_EMPTY_BODY = YES;
				CLANG_WARN_ENUM_CONVERSION = YES;
				CLANG_WARN_INFINITE_RECURSION = YES;
				CLANG_WARN_INT_CONVERSION = YES;
				CLANG_WARN_NON_LITERAL_NULL_CONVERSION = YES;
				CLANG_WARN_OBJC_IMPLICIT_RETAIN_SELF = YES;
				CLANG_WARN_OBJC_LITERAL_CONVERSION = YES;
				CLANG_WARN_OBJC_ROOT_CLASS = YES_ERROR;
				CLANG_WARN_QUOTED_INCLUDE_IN_FRAMEWORK_HEADER = YES;
				CLANG_WARN_RANGE_LOOP_ANALYSIS = YES;
				CLANG_WARN_STRICT_PROTOTYPES = YES;
				CLANG_WARN_SUSPICIOUS_MOVE = YES;
				CLANG_WARN_UNGUARDED_AVAILABILITY = YES_AGGRESSIVE;
				CLANG_WARN_UNREACHABLE_CODE = YES;
				CLANG_WARN__DUPLICATE_METHOD_MATCH = YES;
				COPY_PHASE_STRIP = NO;
				DEBUG_INFORMATION_FORMAT = dwarf;
				ENABLE_STRICT_OBJC_MSGSEND = YES;
				ENABLE_TESTABILITY = YES;
				GCC_C_LANGUAGE_STANDARD = gnu11;
				GCC_DYNAMIC_NO_PIC = NO;
				GCC_NO_COMMON_BLOCKS = YES;
				GCC_OPTIMIZATION_LEVEL = 0;
				GCC_PREPROCESSOR_DEFINITIONS = (
					"DEBUG=1",
					"$(inherited)",
				);
				GCC_WARN_64_TO_32_BIT_CONVERSION = YES;
				GCC_WARN_ABOUT_RETURN_TYPE = YES_ERROR;
				GCC_WARN_UNDECLARED_SELECTOR = YES;
				GCC_WARN_UNINITIALIZED_AUTOS = YES_AGGRESSIVE;
				GCC_WARN_UNUSED_FUNCTION = YES;
				GCC_WARN_UNUSED_VARIABLE = YES;
				IPHONEOS_DEPLOYMENT_TARGET = 15.0;
				MTL_ENABLE_DEBUG_INFO = INCLUDE_SOURCE;
				MTL_FAST_MATH = YES;
				ONLY_ACTIVE_ARCH = YES;
				SDKROOT = iphoneos;
				SWIFT_ACTIVE_COMPILATION_CONDITIONS = DEBUG;
				SWIFT_OPTIMIZATION_LEVEL = "-Onone";
			};
			name = Debug;
		};
		134FA99B2714C23A0043F1EA /* Release */ = {
			isa = XCBuildConfiguration;
			buildSettings = {
				ALWAYS_SEARCH_USER_PATHS = NO;
				CLANG_ANALYZER_NONNULL = YES;
				CLANG_ANALYZER_NUMBER_OBJECT_CONVERSION = YES_AGGRESSIVE;
				CLANG_CXX_LANGUAGE_STANDARD = "gnu++17";
				CLANG_CXX_LIBRARY = "libc++";
				CLANG_ENABLE_MODULES = YES;
				CLANG_ENABLE_OBJC_ARC = YES;
				CLANG_ENABLE_OBJC_WEAK = YES;
				CLANG_WARN_BLOCK_CAPTURE_AUTORELEASING = YES;
				CLANG_WARN_BOOL_CONVERSION = YES;
				CLANG_WARN_COMMA = YES;
				CLANG_WARN_CONSTANT_CONVERSION = YES;
				CLANG_WARN_DEPRECATED_OBJC_IMPLEMENTATIONS = YES;
				CLANG_WARN_DIRECT_OBJC_ISA_USAGE = YES_ERROR;
				CLANG_WARN_DOCUMENTATION_COMMENTS = YES;
				CLANG_WARN_EMPTY_BODY = YES;
				CLANG_WARN_ENUM_CONVERSION = YES;
				CLANG_WARN_INFINITE_RECURSION = YES;
				CLANG_WARN_INT_CONVERSION = YES;
				CLANG_WARN_NON_LITERAL_NULL_CONVERSION = YES;
				CLANG_WARN_OBJC_IMPLICIT_RETAIN_SELF = YES;
				CLANG_WARN_OBJC_LITERAL_CONVERSION = YES;
				CLANG_WARN_OBJC_ROOT_CLASS = YES_ERROR;
				CLANG_WARN_QUOTED_INCLUDE_IN_FRAMEWORK_HEADER = YES;
				CLANG_WARN_RANGE_LOOP_ANALYSIS = YES;
				CLANG_WARN_STRICT_PROTOTYPES = YES;
				CLANG_WARN_SUSPICIOUS_MOVE = YES;
				CLANG_WARN_UNGUARDED_AVAILABILITY = YES_AGGRESSIVE;
				CLANG_WARN_UNREACHABLE_CODE = YES;
				CLANG_WARN__DUPLICATE_METHOD_MATCH = YES;
				COPY_PHASE_STRIP = NO;
				DEBUG_INFORMATION_FORMAT = "dwarf-with-dsym";
				ENABLE_NS_ASSERTIONS = NO;
				ENABLE_STRICT_OBJC_MSGSEND = YES;
				GCC_C_LANGUAGE_STANDARD = gnu11;
				GCC_NO_COMMON_BLOCKS = YES;
				GCC_WARN_64_TO_32_BIT_CONVERSION = YES;
				GCC_WARN_ABOUT_RETURN_TYPE = YES_ERROR;
				GCC_WARN_UNDECLARED_SELECTOR = YES;
				GCC_WARN_UNINITIALIZED_AUTOS = YES_AGGRESSIVE;
				GCC_WARN_UNUSED_FUNCTION = YES;
				GCC_WARN_UNUSED_VARIABLE = YES;
				IPHONEOS_DEPLOYMENT_TARGET = 15.0;
				MTL_ENABLE_DEBUG_INFO = NO;
				MTL_FAST_MATH = YES;
				SDKROOT = iphoneos;
				SWIFT_COMPILATION_MODE = wholemodule;
				SWIFT_OPTIMIZATION_LEVEL = "-O";
				VALIDATE_PRODUCT = YES;
			};
			name = Release;
		};
		134FA99D2714C23A0043F1EA /* Debug */ = {
			isa = XCBuildConfiguration;
			buildSettings = {
				ASSETCATALOG_COMPILER_APPICON_NAME = AppIcon;
				ASSETCATALOG_COMPILER_GLOBAL_ACCENT_COLOR_NAME = AccentColor;
				CODE_SIGN_STYLE = Automatic;
				CURRENT_PROJECT_VERSION = 1;
				DEVELOPMENT_TEAM = V8V28A4DX2;
				GENERATE_INFOPLIST_FILE = YES;
				INFOPLIST_FILE = RapFarmaApp/Info.plist;
				INFOPLIST_KEY_UIApplicationSupportsIndirectInputEvents = YES;
				INFOPLIST_KEY_UILaunchStoryboardName = LaunchScreen;
				INFOPLIST_KEY_UIMainStoryboardFile = Main;
				INFOPLIST_KEY_UISupportedInterfaceOrientations_iPad = "UIInterfaceOrientationPortrait UIInterfaceOrientationPortraitUpsideDown UIInterfaceOrientationLandscapeLeft UIInterfaceOrientationLandscapeRight";
				INFOPLIST_KEY_UISupportedInterfaceOrientations_iPhone = "UIInterfaceOrientationPortrait UIInterfaceOrientationLandscapeLeft UIInterfaceOrientationLandscapeRight";
				LD_RUNPATH_SEARCH_PATHS = (
					"$(inherited)",
					"@executable_path/Frameworks",
				);
				MARKETING_VERSION = 0.2;
				PRODUCT_BUNDLE_IDENTIFIER = biaduque.RapFarmaApp;
				PRODUCT_NAME = "$(TARGET_NAME)";
				SWIFT_EMIT_LOC_STRINGS = YES;
				SWIFT_VERSION = 5.0;
				TARGETED_DEVICE_FAMILY = 1;
			};
			name = Debug;
		};
		134FA99E2714C23A0043F1EA /* Release */ = {
			isa = XCBuildConfiguration;
			buildSettings = {
				ASSETCATALOG_COMPILER_APPICON_NAME = AppIcon;
				ASSETCATALOG_COMPILER_GLOBAL_ACCENT_COLOR_NAME = AccentColor;
				CODE_SIGN_STYLE = Automatic;
				CURRENT_PROJECT_VERSION = 1;
				DEVELOPMENT_TEAM = V8V28A4DX2;
				GENERATE_INFOPLIST_FILE = YES;
				INFOPLIST_FILE = RapFarmaApp/Info.plist;
				INFOPLIST_KEY_UIApplicationSupportsIndirectInputEvents = YES;
				INFOPLIST_KEY_UILaunchStoryboardName = LaunchScreen;
				INFOPLIST_KEY_UIMainStoryboardFile = Main;
				INFOPLIST_KEY_UISupportedInterfaceOrientations_iPad = "UIInterfaceOrientationPortrait UIInterfaceOrientationPortraitUpsideDown UIInterfaceOrientationLandscapeLeft UIInterfaceOrientationLandscapeRight";
				INFOPLIST_KEY_UISupportedInterfaceOrientations_iPhone = "UIInterfaceOrientationPortrait UIInterfaceOrientationLandscapeLeft UIInterfaceOrientationLandscapeRight";
				LD_RUNPATH_SEARCH_PATHS = (
					"$(inherited)",
					"@executable_path/Frameworks",
				);
				MARKETING_VERSION = 0.2;
				PRODUCT_BUNDLE_IDENTIFIER = biaduque.RapFarmaApp;
				PRODUCT_NAME = "$(TARGET_NAME)";
				SWIFT_EMIT_LOC_STRINGS = YES;
				SWIFT_VERSION = 5.0;
				TARGETED_DEVICE_FAMILY = 1;
			};
			name = Release;
		};
/* End XCBuildConfiguration section */

/* Begin XCConfigurationList section */
		134FA9802714C2390043F1EA /* Build configuration list for PBXProject "RapFarmaApp" */ = {
			isa = XCConfigurationList;
			buildConfigurations = (
				134FA99A2714C23A0043F1EA /* Debug */,
				134FA99B2714C23A0043F1EA /* Release */,
			);
			defaultConfigurationIsVisible = 0;
			defaultConfigurationName = Release;
		};
		134FA99C2714C23A0043F1EA /* Build configuration list for PBXNativeTarget "RapFarmaApp" */ = {
			isa = XCConfigurationList;
			buildConfigurations = (
				134FA99D2714C23A0043F1EA /* Debug */,
				134FA99E2714C23A0043F1EA /* Release */,
			);
			defaultConfigurationIsVisible = 0;
			defaultConfigurationName = Release;
		};
/* End XCConfigurationList section */

/* Begin XCVersionGroup section */
		134FA9912714C2390043F1EA /* RapFarmaApp.xcdatamodeld */ = {
			isa = XCVersionGroup;
			children = (
				134FA9922714C2390043F1EA /* RapFarmaApp.xcdatamodel */,
			);
			currentVersion = 134FA9922714C2390043F1EA /* RapFarmaApp.xcdatamodel */;
			path = RapFarmaApp.xcdatamodeld;
			sourceTree = "<group>";
			versionGroupType = wrapper.xcdatamodel;
		};
/* End XCVersionGroup section */
	};
	rootObject = 134FA97D2714C2390043F1EA /* Project object */;
}
